
Microsoft Visual Studio Solution File, Format Version 12.00
# Visual Studio Version 16
VisualStudioVersion = 16.0.30717.126
MinimumVisualStudioVersion = 10.0.40219.1
Project("{FAE04EC0-301F-11D3-BF4B-00C04F79EFBC}") = "BudgetManager.UWP", "BudgetManager\BudgetManager.UWP\BudgetManager.UWP.csproj", "{9465714B-0F07-4CD6-A085-56150326EA4F}"
EndProject
Project("{FAE04EC0-301F-11D3-BF4B-00C04F79EFBC}") = "BudgetManager.Android", "BudgetManager\BudgetManager.Android\BudgetManager.Android.csproj", "{945281EA-110B-4274-9490-D7A8210E6584}"
EndProject
Project("{FAE04EC0-301F-11D3-BF4B-00C04F79EFBC}") = "BudgetManager.iOS", "BudgetManager\BudgetManager.iOS\BudgetManager.iOS.csproj", "{FD5B3D01-7CCE-47F8-B83D-BE3A84035E20}"
EndProject
Project("{FAE04EC0-301F-11D3-BF4B-00C04F79EFBC}") = "BudgetManager", "BudgetManager\BudgetManager\BudgetManager.csproj", "{3B7A029A-70F8-45B7-9332-2AA424FCE75E}"
EndProject
Global
	GlobalSection(SolutionConfigurationPlatforms) = preSolution
		Debug|Any CPU = Debug|Any CPU
		Debug|ARM = Debug|ARM
		Debug|iPhone = Debug|iPhone
		Debug|iPhoneSimulator = Debug|iPhoneSimulator
		Debug|x64 = Debug|x64
		Debug|x86 = Debug|x86
		Release|Any CPU = Release|Any CPU
		Release|ARM = Release|ARM
		Release|iPhone = Release|iPhone
		Release|iPhoneSimulator = Release|iPhoneSimulator
		Release|x64 = Release|x64
		Release|x86 = Release|x86
	EndGlobalSection
	GlobalSection(ProjectConfigurationPlatforms) = postSolution
		{9465714B-0F07-4CD6-A085-56150326EA4F}.Debug|Any CPU.ActiveCfg = Debug|x86
		{9465714B-0F07-4CD6-A085-56150326EA4F}.Debug|Any CPU.Build.0 = Debug|x86
		{9465714B-0F07-4CD6-A085-56150326EA4F}.Debug|Any CPU.Deploy.0 = Debug|x86
		{9465714B-0F07-4CD6-A085-56150326EA4F}.Debug|ARM.ActiveCfg = Debug|ARM
		{9465714B-0F07-4CD6-A085-56150326EA4F}.Debug|ARM.Build.0 = Debug|ARM
		{9465714B-0F07-4CD6-A085-56150326EA4F}.Debug|ARM.Deploy.0 = Debug|ARM
		{9465714B-0F07-4CD6-A085-56150326EA4F}.Debug|iPhone.ActiveCfg = Debug|x86
		{9465714B-0F07-4CD6-A085-56150326EA4F}.Debug|iPhone.Build.0 = Debug|x86
		{9465714B-0F07-4CD6-A085-56150326EA4F}.Debug|iPhone.Deploy.0 = Debug|x86
		{9465714B-0F07-4CD6-A085-56150326EA4F}.Debug|iPhoneSimulator.ActiveCfg = Debug|x86
		{9465714B-0F07-4CD6-A085-56150326EA4F}.Debug|iPhoneSimulator.Build.0 = Debug|x86
		{9465714B-0F07-4CD6-A085-56150326EA4F}.Debug|iPhoneSimulator.Deploy.0 = Debug|x86
		{9465714B-0F07-4CD6-A085-56150326EA4F}.Debug|x64.ActiveCfg = Debug|x64
		{9465714B-0F07-4CD6-A085-56150326EA4F}.Debug|x64.Build.0 = Debug|x64
		{9465714B-0F07-4CD6-A085-56150326EA4F}.Debug|x64.Deploy.0 = Debug|x64
		{9465714B-0F07-4CD6-A085-56150326EA4F}.Debug|x86.ActiveCfg = Debug|x86
		{9465714B-0F07-4CD6-A085-56150326EA4F}.Debug|x86.Build.0 = Debug|x86
		{9465714B-0F07-4CD6-A085-56150326EA4F}.Debug|x86.Deploy.0 = Debug|x86
		{9465714B-0F07-4CD6-A085-56150326EA4F}.Release|Any CPU.ActiveCfg = Release|x86
		{9465714B-0F07-4CD6-A085-56150326EA4F}.Release|Any CPU.Build.0 = Release|x86
		{9465714B-0F07-4CD6-A085-56150326EA4F}.Release|Any CPU.Deploy.0 = Release|x86
		{9465714B-0F07-4CD6-A085-56150326EA4F}.Release|ARM.ActiveCfg = Release|ARM
		{9465714B-0F07-4CD6-A085-56150326EA4F}.Release|ARM.Build.0 = Release|ARM
		{9465714B-0F07-4CD6-A085-56150326EA4F}.Release|ARM.Deploy.0 = Release|ARM
		{9465714B-0F07-4CD6-A085-56150326EA4F}.Release|iPhone.ActiveCfg = Release|x86
		{9465714B-0F07-4CD6-A085-56150326EA4F}.Release|iPhone.Build.0 = Release|x86
		{9465714B-0F07-4CD6-A085-56150326EA4F}.Release|iPhone.Deploy.0 = Release|x86
		{9465714B-0F07-4CD6-A085-56150326EA4F}.Release|iPhoneSimulator.ActiveCfg = Release|x86
		{9465714B-0F07-4CD6-A085-56150326EA4F}.Release|iPhoneSimulator.Build.0 = Release|x86
		{9465714B-0F07-4CD6-A085-56150326EA4F}.Release|iPhoneSimulator.Deploy.0 = Release|x86
		{9465714B-0F07-4CD6-A085-56150326EA4F}.Release|x64.ActiveCfg = Release|x64
		{9465714B-0F07-4CD6-A085-56150326EA4F}.Release|x64.Build.0 = Release|x64
		{9465714B-0F07-4CD6-A085-56150326EA4F}.Release|x64.Deploy.0 = Release|x64
		{9465714B-0F07-4CD6-A085-56150326EA4F}.Release|x86.ActiveCfg = Release|x86
		{9465714B-0F07-4CD6-A085-56150326EA4F}.Release|x86.Build.0 = Release|x86
		{9465714B-0F07-4CD6-A085-56150326EA4F}.Release|x86.Deploy.0 = Release|x86
		{945281EA-110B-4274-9490-D7A8210E6584}.Debug|Any CPU.ActiveCfg = Debug|Any CPU
		{945281EA-110B-4274-9490-D7A8210E6584}.Debug|Any CPU.Build.0 = Debug|Any CPU
		{945281EA-110B-4274-9490-D7A8210E6584}.Debug|Any CPU.Deploy.0 = Debug|Any CPU
		{945281EA-110B-4274-9490-D7A8210E6584}.Debug|ARM.ActiveCfg = Debug|Any CPU
		{945281EA-110B-4274-9490-D7A8210E6584}.Debug|ARM.Build.0 = Debug|Any CPU
		{945281EA-110B-4274-9490-D7A8210E6584}.Debug|ARM.Deploy.0 = Debug|Any CPU
		{945281EA-110B-4274-9490-D7A8210E6584}.Debug|iPhone.ActiveCfg = Debug|Any CPU
		{945281EA-110B-4274-9490-D7A8210E6584}.Debug|iPhone.Build.0 = Debug|Any CPU
		{945281EA-110B-4274-9490-D7A8210E6584}.Debug|iPhone.Deploy.0 = Debug|Any CPU
		{945281EA-110B-4274-9490-D7A8210E6584}.Debug|iPhoneSimulator.ActiveCfg = Debug|Any CPU
		{945281EA-110B-4274-9490-D7A8210E6584}.Debug|iPhoneSimulator.Build.0 = Debug|Any CPU
		{945281EA-110B-4274-9490-D7A8210E6584}.Debug|iPhoneSimulator.Deploy.0 = Debug|Any CPU
		{945281EA-110B-4274-9490-D7A8210E6584}.Debug|x64.ActiveCfg = Debug|Any CPU
		{945281EA-110B-4274-9490-D7A8210E6584}.Debug|x64.Build.0 = Debug|Any CPU
		{945281EA-110B-4274-9490-D7A8210E6584}.Debug|x64.Deploy.0 = Debug|Any CPU
		{945281EA-110B-4274-9490-D7A8210E6584}.Debug|x86.ActiveCfg = Debug|Any CPU
		{945281EA-110B-4274-9490-D7A8210E6584}.Debug|x86.Build.0 = Debug|Any CPU
		{945281EA-110B-4274-9490-D7A8210E6584}.Debug|x86.Deploy.0 = Debug|Any CPU
		{945281EA-110B-4274-9490-D7A8210E6584}.Release|Any CPU.ActiveCfg = Release|Any CPU
		{945281EA-110B-4274-9490-D7A8210E6584}.Release|Any CPU.Build.0 = Release|Any CPU
		{945281EA-110B-4274-9490-D7A8210E6584}.Release|Any CPU.Deploy.0 = Release|Any CPU
		{945281EA-110B-4274-9490-D7A8210E6584}.Release|ARM.ActiveCfg = Release|Any CPU
		{945281EA-110B-4274-9490-D7A8210E6584}.Release|ARM.Build.0 = Release|Any CPU
		{945281EA-110B-4274-9490-D7A8210E6584}.Release|ARM.Deploy.0 = Release|Any CPU
		{945281EA-110B-4274-9490-D7A8210E6584}.Release|iPhone.ActiveCfg = Release|Any CPU
		{945281EA-110B-4274-9490-D7A8210E6584}.Release|iPhone.Build.0 = Release|Any CPU
		{945281EA-110B-4274-9490-D7A8210E6584}.Release|iPhone.Deploy.0 = Release|Any CPU
		{945281EA-110B-4274-9490-D7A8210E6584}.Release|iPhoneSimulator.ActiveCfg = Release|Any CPU
		{945281EA-110B-4274-9490-D7A8210E6584}.Release|iPhoneSimulator.Build.0 = Release|Any CPU
		{945281EA-110B-4274-9490-D7A8210E6584}.Release|iPhoneSimulator.Deploy.0 = Release|Any CPU
		{945281EA-110B-4274-9490-D7A8210E6584}.Release|x64.ActiveCfg = Release|Any CPU
		{945281EA-110B-4274-9490-D7A8210E6584}.Release|x64.Build.0 = Release|Any CPU
		{945281EA-110B-4274-9490-D7A8210E6584}.Release|x64.Deploy.0 = Release|Any CPU
		{945281EA-110B-4274-9490-D7A8210E6584}.Release|x86.ActiveCfg = Release|Any CPU
		{945281EA-110B-4274-9490-D7A8210E6584}.Release|x86.Build.0 = Release|Any CPU
		{945281EA-110B-4274-9490-D7A8210E6584}.Release|x86.Deploy.0 = Release|Any CPU
		{FD5B3D01-7CCE-47F8-B83D-BE3A84035E20}.Debug|Any CPU.ActiveCfg = Debug|iPhoneSimulator
		{FD5B3D01-7CCE-47F8-B83D-BE3A84035E20}.Debug|Any CPU.Build.0 = Debug|iPhoneSimulator
		{FD5B3D01-7CCE-47F8-B83D-BE3A84035E20}.Debug|Any CPU.Deploy.0 = Debug|iPhoneSimulator
		{FD5B3D01-7CCE-47F8-B83D-BE3A84035E20}.Debug|ARM.ActiveCfg = Debug|iPhone
		{FD5B3D01-7CCE-47F8-B83D-BE3A84035E20}.Debug|ARM.Build.0 = Debug|iPhone
		{FD5B3D01-7CCE-47F8-B83D-BE3A84035E20}.Debug|ARM.Deploy.0 = Debug|iPhone
		{FD5B3D01-7CCE-47F8-B83D-BE3A84035E20}.Debug|iPhone.ActiveCfg = Debug|iPhone
		{FD5B3D01-7CCE-47F8-B83D-BE3A84035E20}.Debug|iPhone.Build.0 = Debug|iPhone
		{FD5B3D01-7CCE-47F8-B83D-BE3A84035E20}.Debug|iPhone.Deploy.0 = Debug|iPhone
		{FD5B3D01-7CCE-47F8-B83D-BE3A84035E20}.Debug|iPhoneSimulator.ActiveCfg = Debug|iPhoneSimulator
		{FD5B3D01-7CCE-47F8-B83D-BE3A84035E20}.Debug|iPhoneSimulator.Build.0 = Debug|iPhoneSimulator
		{FD5B3D01-7CCE-47F8-B83D-BE3A84035E20}.Debug|iPhoneSimulator.Deploy.0 = Debug|iPhoneSimulator
		{FD5B3D01-7CCE-47F8-B83D-BE3A84035E20}.Debug|x64.ActiveCfg = Debug|iPhoneSimulator
		{FD5B3D01-7CCE-47F8-B83D-BE3A84035E20}.Debug|x64.Build.0 = Debug|iPhoneSimulator
		{FD5B3D01-7CCE-47F8-B83D-BE3A84035E20}.Debug|x64.Deploy.0 = Debug|iPhoneSimulator
		{FD5B3D01-7CCE-47F8-B83D-BE3A84035E20}.Debug|x86.ActiveCfg = Debug|iPhoneSimulator
		{FD5B3D01-7CCE-47F8-B83D-BE3A84035E20}.Debug|x86.Build.0 = Debug|iPhoneSimulator
		{FD5B3D01-7CCE-47F8-B83D-BE3A84035E20}.Debug|x86.Deploy.0 = Debug|iPhoneSimulator
		{FD5B3D01-7CCE-47F8-B83D-BE3A84035E20}.Release|Any CPU.ActiveCfg = Release|iPhoneSimulator
		{FD5B3D01-7CCE-47F8-B83D-BE3A84035E20}.Release|Any CPU.Build.0 = Release|iPhoneSimulator
		{FD5B3D01-7CCE-47F8-B83D-BE3A84035E20}.Release|Any CPU.Deploy.0 = Release|iPhoneSimulator
		{FD5B3D01-7CCE-47F8-B83D-BE3A84035E20}.Release|ARM.ActiveCfg = Release|iPhoneSimulator
		{FD5B3D01-7CCE-47F8-B83D-BE3A84035E20}.Release|ARM.Build.0 = Release|iPhoneSimulator
		{FD5B3D01-7CCE-47F8-B83D-BE3A84035E20}.Release|ARM.Deploy.0 = Release|iPhoneSimulator
		{FD5B3D01-7CCE-47F8-B83D-BE3A84035E20}.Release|iPhone.ActiveCfg = Release|iPhone
		{FD5B3D01-7CCE-47F8-B83D-BE3A84035E20}.Release|iPhone.Build.0 = Release|iPhone
		{FD5B3D01-7CCE-47F8-B83D-BE3A84035E20}.Release|iPhone.Deploy.0 = Release|iPhone
		{FD5B3D01-7CCE-47F8-B83D-BE3A84035E20}.Release|iPhoneSimulator.ActiveCfg = Release|iPhoneSimulator
		{FD5B3D01-7CCE-47F8-B83D-BE3A84035E20}.Release|iPhoneSimulator.Build.0 = Release|iPhoneSimulator
		{FD5B3D01-7CCE-47F8-B83D-BE3A84035E20}.Release|iPhoneSimulator.Deploy.0 = Release|iPhoneSimulator
		{FD5B3D01-7CCE-47F8-B83D-BE3A84035E20}.Release|x64.ActiveCfg = Release|iPhoneSimulator
		{FD5B3D01-7CCE-47F8-B83D-BE3A84035E20}.Release|x64.Build.0 = Release|iPhoneSimulator
		{FD5B3D01-7CCE-47F8-B83D-BE3A84035E20}.Release|x64.Deploy.0 = Release|iPhoneSimulator
		{FD5B3D01-7CCE-47F8-B83D-BE3A84035E20}.Release|x86.ActiveCfg = Release|iPhoneSimulator
		{FD5B3D01-7CCE-47F8-B83D-BE3A84035E20}.Release|x86.Build.0 = Release|iPhoneSimulator
		{FD5B3D01-7CCE-47F8-B83D-BE3A84035E20}.Release|x86.Deploy.0 = Release|iPhoneSimulator
		{3B7A029A-70F8-45B7-9332-2AA424FCE75E}.Debug|Any CPU.ActiveCfg = Debug|Any CPU
		{3B7A029A-70F8-45B7-9332-2AA424FCE75E}.Debug|Any CPU.Build.0 = Debug|Any CPU
		{3B7A029A-70F8-45B7-9332-2AA424FCE75E}.Debug|Any CPU.Deploy.0 = Debug|Any CPU
		{3B7A029A-70F8-45B7-9332-2AA424FCE75E}.Debug|ARM.ActiveCfg = Debug|Any CPU
		{3B7A029A-70F8-45B7-9332-2AA424FCE75E}.Debug|ARM.Build.0 = Debug|Any CPU
		{3B7A029A-70F8-45B7-9332-2AA424FCE75E}.Debug|ARM.Deploy.0 = Debug|Any CPU
		{3B7A029A-70F8-45B7-9332-2AA424FCE75E}.Debug|iPhone.ActiveCfg = Debug|Any CPU
		{3B7A029A-70F8-45B7-9332-2AA424FCE75E}.Debug|iPhone.Build.0 = Debug|Any CPU
		{3B7A029A-70F8-45B7-9332-2AA424FCE75E}.Debug|iPhone.Deploy.0 = Debug|Any CPU
		{3B7A029A-70F8-45B7-9332-2AA424FCE75E}.Debug|iPhoneSimulator.ActiveCfg = Debug|Any CPU
		{3B7A029A-70F8-45B7-9332-2AA424FCE75E}.Debug|iPhoneSimulator.Build.0 = Debug|Any CPU
		{3B7A029A-70F8-45B7-9332-2AA424FCE75E}.Debug|iPhoneSimulator.Deploy.0 = Debug|Any CPU
		{3B7A029A-70F8-45B7-9332-2AA424FCE75E}.Debug|x64.ActiveCfg = Debug|Any CPU
		{3B7A029A-70F8-45B7-9332-2AA424FCE75E}.Debug|x64.Build.0 = Debug|Any CPU
		{3B7A029A-70F8-45B7-9332-2AA424FCE75E}.Debug|x64.Deploy.0 = Debug|Any CPU
		{3B7A029A-70F8-45B7-9332-2AA424FCE75E}.Debug|x86.ActiveCfg = Debug|Any CPU
		{3B7A029A-70F8-45B7-9332-2AA424FCE75E}.Debug|x86.Build.0 = Debug|Any CPU
		{3B7A029A-70F8-45B7-9332-2AA424FCE75E}.Debug|x86.Deploy.0 = Debug|Any CPU
		{3B7A029A-70F8-45B7-9332-2AA424FCE75E}.Release|Any CPU.ActiveCfg = Release|Any CPU
		{3B7A029A-70F8-45B7-9332-2AA424FCE75E}.Release|Any CPU.Build.0 = Release|Any CPU
		{3B7A029A-70F8-45B7-9332-2AA424FCE75E}.Release|Any CPU.Deploy.0 = Release|Any CPU
		{3B7A029A-70F8-45B7-9332-2AA424FCE75E}.Release|ARM.ActiveCfg = Release|Any CPU
		{3B7A029A-70F8-45B7-9332-2AA424FCE75E}.Release|ARM.Build.0 = Release|Any CPU
		{3B7A029A-70F8-45B7-9332-2AA424FCE75E}.Release|ARM.Deploy.0 = Release|Any CPU
		{3B7A029A-70F8-45B7-9332-2AA424FCE75E}.Release|iPhone.ActiveCfg = Release|Any CPU
		{3B7A029A-70F8-45B7-9332-2AA424FCE75E}.Release|iPhone.Build.0 = Release|Any CPU
		{3B7A029A-70F8-45B7-9332-2AA424FCE75E}.Release|iPhone.Deploy.0 = Release|Any CPU
		{3B7A029A-70F8-45B7-9332-2AA424FCE75E}.Release|iPhoneSimulator.ActiveCfg = Release|Any CPU
		{3B7A029A-70F8-45B7-9332-2AA424FCE75E}.Release|iPhoneSimulator.Build.0 = Release|Any CPU
		{3B7A029A-70F8-45B7-9332-2AA424FCE75E}.Release|iPhoneSimulator.Deploy.0 = Release|Any CPU
		{3B7A029A-70F8-45B7-9332-2AA424FCE75E}.Release|x64.ActiveCfg = Release|Any CPU
		{3B7A029A-70F8-45B7-9332-2AA424FCE75E}.Release|x64.Build.0 = Release|Any CPU
		{3B7A029A-70F8-45B7-9332-2AA424FCE75E}.Release|x64.Deploy.0 = Release|Any CPU
		{3B7A029A-70F8-45B7-9332-2AA424FCE75E}.Release|x86.ActiveCfg = Release|Any CPU
		{3B7A029A-70F8-45B7-9332-2AA424FCE75E}.Release|x86.Build.0 = Release|Any CPU
		{3B7A029A-70F8-45B7-9332-2AA424FCE75E}.Release|x86.Deploy.0 = Release|Any CPU
	EndGlobalSection
	GlobalSection(SolutionProperties) = preSolution
		HideSolutionNode = FALSE
	EndGlobalSection
	GlobalSection(ExtensibilityGlobals) = postSolution
		SolutionGuid = {93E03DB4-6BD0-4AE9-BB3C-C193BD32B7A5}
	EndGlobalSection
EndGlobal
